
Microsoft Visual Studio Solution File, Format Version 12.00
# Visual Studio Version 16
VisualStudioVersion = 16.0.31729.503
MinimumVisualStudioVersion = 10.0.40219.1
Project("{2150E333-8FDC-42A3-9474-1A3956D46DE8}") = "Solution Items", "Solution Items", "{B25E9993-392C-4397-8B43-C91D63834C0C}"
	ProjectSection(SolutionItems) = preProject
		Keys.sql = Keys.sql
	EndProjectSection
EndProject
Project("{9A19103F-16F7-4668-BE54-9A1E7A4F7556}") = "POCO Studio", "POCO Studio\POCO Studio.csproj", "{6178479E-E501-4D5A-A4D2-BE98ED29EAE4}"
EndProject
Project("{9A19103F-16F7-4668-BE54-9A1E7A4F7556}") = "InnerLibs", "..\innerlibs\InnerLibs\InnerLibs.csproj", "{B87B6589-6307-42B5-AC1E-4FDD07ABE689}"
EndProject
Global
	GlobalSection(SolutionConfigurationPlatforms) = preSolution
		Debug|Any CPU = Debug|Any CPU
		Release|Any CPU = Release|Any CPU
	EndGlobalSection
	GlobalSection(ProjectConfigurationPlatforms) = postSolution
		{6178479E-E501-4D5A-A4D2-BE98ED29EAE4}.Debug|Any CPU.ActiveCfg = Debug|Any CPU
		{6178479E-E501-4D5A-A4D2-BE98ED29EAE4}.Debug|Any CPU.Build.0 = Debug|Any CPU
		{6178479E-E501-4D5A-A4D2-BE98ED29EAE4}.Release|Any CPU.ActiveCfg = Release|Any CPU
		{6178479E-E501-4D5A-A4D2-BE98ED29EAE4}.Release|Any CPU.Build.0 = Release|Any CPU
		{B87B6589-6307-42B5-AC1E-4FDD07ABE689}.Debug|Any CPU.ActiveCfg = Debug|Any CPU
		{B87B6589-6307-42B5-AC1E-4FDD07ABE689}.Debug|Any CPU.Build.0 = Debug|Any CPU
		{B87B6589-6307-42B5-AC1E-4FDD07ABE689}.Release|Any CPU.ActiveCfg = Release|Any CPU
		{B87B6589-6307-42B5-AC1E-4FDD07ABE689}.Release|Any CPU.Build.0 = Release|Any CPU
	EndGlobalSection
	GlobalSection(SolutionProperties) = preSolution
		HideSolutionNode = FALSE
	EndGlobalSection
	GlobalSection(ExtensibilityGlobals) = postSolution
		SolutionGuid = {51BEF002-E37E-4B83-84C3-A5009EA5B9C7}
	EndGlobalSection
EndGlobal
